
Microsoft Visual Studio Solution File, Format Version 12.00
# Visual Studio 2013
VisualStudioVersion = 12.0.21005.1
MinimumVisualStudioVersion = 10.0.40219.1
Project("{FAE04EC0-301F-11D3-BF4B-00C04F79EFBC}") = "sever", "_socket应用程序\sever.csproj", "{8D6D2114-9D74-41A8-8091-000A463B4C1E}"
EndProject
Project("{FAE04EC0-301F-11D3-BF4B-00C04F79EFBC}") = "Client", "Client\Client.csproj", "{3E4A9C85-14D7-427E-9EB4-02CFE17C72EC}"
EndProject
Global
	GlobalSection(SolutionConfigurationPlatforms) = preSolution
		Debug|Any CPU = Debug|Any CPU
		Release|Any CPU = Release|Any CPU
	EndGlobalSection
	GlobalSection(ProjectConfigurationPlatforms) = postSolution
		{8D6D2114-9D74-41A8-8091-000A463B4C1E}.Debug|Any CPU.ActiveCfg = Debug|Any CPU
		{8D6D2114-9D74-41A8-8091-000A463B4C1E}.Debug|Any CPU.Build.0 = Debug|Any CPU
		{8D6D2114-9D74-41A8-8091-000A463B4C1E}.Release|Any CPU.ActiveCfg = Release|Any CPU
		{8D6D2114-9D74-41A8-8091-000A463B4C1E}.Release|Any CPU.Build.0 = Release|Any CPU
		{3E4A9C85-14D7-427E-9EB4-02CFE17C72EC}.Debug|Any CPU.ActiveCfg = Debug|Any CPU
		{3E4A9C85-14D7-427E-9EB4-02CFE17C72EC}.Debug|Any CPU.Build.0 = Debug|Any CPU
		{3E4A9C85-14D7-427E-9EB4-02CFE17C72EC}.Release|Any CPU.ActiveCfg = Release|Any CPU
		{3E4A9C85-14D7-427E-9EB4-02CFE17C72EC}.Release|Any CPU.Build.0 = Release|Any CPU
	EndGlobalSection
	GlobalSection(SolutionProperties) = preSolution
		HideSolutionNode = FALSE
	EndGlobalSection
EndGlobal
